// !$*UTF8*$!
{
	archiveVersion = 1;
	classes = {
	};
	objectVersion = 50;
	objects = {

/* Begin PBXBuildFile section */
		00CD35B421270F3000B30186 /* AppDelegate.swift in Sources */ = {isa = PBXBuildFile; fileRef = 00CD35B321270F3000B30186 /* AppDelegate.swift */; };
		00CD35B621270F3000B30186 /* ViewController.swift in Sources */ = {isa = PBXBuildFile; fileRef = 00CD35B521270F3000B30186 /* ViewController.swift */; };
		00CD35B921270F3000B30186 /* Main.storyboard in Resources */ = {isa = PBXBuildFile; fileRef = 00CD35B721270F3000B30186 /* Main.storyboard */; };
		00CD35BB21270F3200B30186 /* Assets.xcassets in Resources */ = {isa = PBXBuildFile; fileRef = 00CD35BA21270F3200B30186 /* Assets.xcassets */; };
		00CD35BE21270F3200B30186 /* LaunchScreen.storyboard in Resources */ = {isa = PBXBuildFile; fileRef = 00CD35BC21270F3200B30186 /* LaunchScreen.storyboard */; };
		00CD35C62127CB9600B30186 /* CustomWindow.swift in Sources */ = {isa = PBXBuildFile; fileRef = 00CD35C52127CB9600B30186 /* CustomWindow.swift */; };
		00CD35C82127CCB300B30186 /* CustomViewController.swift in Sources */ = {isa = PBXBuildFile; fileRef = 00CD35C72127CCB300B30186 /* CustomViewController.swift */; };
/* End PBXBuildFile section */

/* Begin PBXFileReference section */
		00CD35B021270F3000B30186 /* TestFloatWindow0817.app */ = {isa = PBXFileReference; explicitFileType = wrapper.application; includeInIndex = 0; path = TestFloatWindow0817.app; sourceTree = BUILT_PRODUCTS_DIR; };
		00CD35B321270F3000B30186 /* AppDelegate.swift */ = {isa = PBXFileReference; lastKnownFileType = sourcecode.swift; path = AppDelegate.swift; sourceTree = "<group>"; };
		00CD35B521270F3000B30186 /* ViewController.swift */ = {isa = PBXFileReference; lastKnownFileType = sourcecode.swift; path = ViewController.swift; sourceTree = "<group>"; };
		00CD35B821270F3000B30186 /* Base */ = {isa = PBXFileReference; lastKnownFileType = file.storyboard; name = Base; path = Base.lproj/Main.storyboard; sourceTree = "<group>"; };
		00CD35BA21270F3200B30186 /* Assets.xcassets */ = {isa = PBXFileReference; lastKnownFileType = folder.assetcatalog; path = Assets.xcassets; sourceTree = "<group>"; };
		00CD35BD21270F3200B30186 /* Base */ = {isa = PBXFileReference; lastKnownFileType = file.storyboard; name = Base; path = Base.lproj/LaunchScreen.storyboard; sourceTree = "<group>"; };
		00CD35BF21270F3200B30186 /* Info.plist */ = {isa = PBXFileReference; lastKnownFileType = text.plist.xml; path = Info.plist; sourceTree = "<group>"; };
		00CD35C52127CB9600B30186 /* CustomWindow.swift */ = {isa = PBXFileReference; lastKnownFileType = sourcecode.swift; path = CustomWindow.swift; sourceTree = "<group>"; };
		00CD35C72127CCB300B30186 /* CustomViewController.swift */ = {isa = PBXFileReference; lastKnownFileType = sourcecode.swift; path = CustomViewController.swift; sourceTree = "<group>"; };
/* End PBXFileReference section */

/* Begin PBXFrameworksBuildPhase section */
		00CD35AD21270F3000B30186 /* Frameworks */ = {
			isa = PBXFrameworksBuildPhase;
			buildActionMask = 2147483647;
			files = (
			);
			runOnlyForDeploymentPostprocessing = 0;
		};
/* End PBXFrameworksBuildPhase section */

/* Begin PBXGroup section */
		00CD35A721270F3000B30186 = {
			isa = PBXGroup;
			children = (
				00CD35B221270F3000B30186 /* TestFloatWindow0817 */,
				00CD35B121270F3000B30186 /* Products */,
			);
			sourceTree = "<group>";
		};
		00CD35B121270F3000B30186 /* Products */ = {
			isa = PBXGroup;
			children = (
				00CD35B021270F3000B30186 /* TestFloatWindow0817.app */,
			);
			name = Products;
			sourceTree = "<group>";
		};
		00CD35B221270F3000B30186 /* TestFloatWindow0817 */ = {
			isa = PBXGroup;
			children = (
				00CD35B321270F3000B30186 /* AppDelegate.swift */,
				00CD35B521270F3000B30186 /* ViewController.swift */,
				00CD35B721270F3000B30186 /* Main.storyboard */,
				00CD35BA21270F3200B30186 /* Assets.xcassets */,
				00CD35BC21270F3200B30186 /* LaunchScreen.storyboard */,
				00CD35BF21270F3200B30186 /* Info.plist */,
				00CD35C52127CB9600B30186 /* CustomWindow.swift */,
				00CD35C72127CCB300B30186 /* CustomViewController.swift */,
			);
			path = TestFloatWindow0817;
			sourceTree = "<group>";
		};
/* End PBXGroup section */

/* Begin PBXNativeTarget section */
		00CD35AF21270F3000B30186 /* TestFloatWindow0817 */ = {
			isa = PBXNativeTarget;
			buildConfigurationList = 00CD35C221270F3200B30186 /* Build configuration list for PBXNativeTarget "TestFloatWindow0817" */;
			buildPhases = (
				00CD35AC21270F3000B30186 /* Sources */,
				00CD35AD21270F3000B30186 /* Frameworks */,
				00CD35AE21270F3000B30186 /* Resources */,
			);
			buildRules = (
			);
			dependencies = (
			);
			name = TestFloatWindow0817;
			productName = TestFloatWindow0817;
			productReference = 00CD35B021270F3000B30186 /* TestFloatWindow0817.app */;
			productType = "com.apple.product-type.application";
		};
/* End PBXNativeTarget section */

/* Begin PBXProject section */
		00CD35A821270F3000B30186 /* Project object */ = {
			isa = PBXProject;
			attributes = {
				LastSwiftUpdateCheck = 0940;
				LastUpgradeCheck = 0940;
				ORGANIZATIONNAME = "Yuan Zhou";
				TargetAttributes = {
					00CD35AF21270F3000B30186 = {
						CreatedOnToolsVersion = 9.4.1;
					};
				};
			};
			buildConfigurationList = 00CD35AB21270F3000B30186 /* Build configuration list for PBXProject "TestFloatWindow0817" */;
			compatibilityVersion = "Xcode 9.3";
			developmentRegion = en;
			hasScannedForEncodings = 0;
			knownRegions = (
				en,
				Base,
			);
			mainGroup = 00CD35A721270F3000B30186;
			productRefGroup = 00CD35B121270F3000B30186 /* Products */;
			projectDirPath = "";
			projectRoot = "";
			targets = (
				00CD35AF21270F3000B30186 /* TestFloatWindow0817 */,
			);
		};
/* End PBXProject section */

/* Begin PBXResourcesBuildPhase section */
		00CD35AE21270F3000B30186 /* Resources */ = {
			isa = PBXResourcesBuildPhase;
			buildActionMask = 2147483647;
			files = (
				00CD35BE21270F3200B30186 /* LaunchScreen.storyboard in Resources */,
				00CD35BB21270F3200B30186 /* Assets.xcassets in Resources */,
				00CD35B921270F3000B30186 /* Main.storyboard in Resources */,
			);
			runOnlyForDeploymentPostprocessing = 0;
		};
/* End PBXResourcesBuildPhase section */

/* Begin PBXSourcesBuildPhase section */
		00CD35AC21270F3000B30186 /* Sources */ = {
			isa = PBXSourcesBuildPhase;
			buildActionMask = 2147483647;
			files = (
				00CD35B621270F3000B30186 /* ViewController.swift in Sources */,
				00CD35B421270F3000B30186 /* AppDelegate.swift in Sources */,
				00CD35C62127CB9600B30186 /* CustomWindow.swift in Sources */,
				00CD35C82127CCB300B30186 /* CustomViewController.swift in Sources */,
			);
			runOnlyForDeploymentPostprocessing = 0;
		};
/* End PBXSourcesBuildPhase section */

/* Begin PBXVariantGroup section */
		00CD35B721270F3000B30186 /* Main.storyboard */ = {
			isa = PBXVariantGroup;
			children = (
				00CD35B821270F3000B30186 /* Base */,
			);
			name = Main.storyboard;
			sourceTree = "<group>";
		};
		00CD35BC21270F3200B30186 /* LaunchScreen.storyboard */ = {
			isa = PBXVariantGroup;
			children = (
				00CD35BD21270F3200B30186 /* Base */,
			);
			name = LaunchScreen.storyboard;
			sourceTree = "<group>";
		};
/* End PBXVariantGroup section */

/* Begin XCBuildConfiguration section */
		00CD35C021270F3200B30186 /* Debug */ = {
			isa = XCBuildConfiguration;
			buildSettings = {
				ALWAYS_SEARCH_USER_PATHS = NO;
				CLANG_ANALYZER_NONNULL = YES;
				CLANG_ANALYZER_NUMBER_OBJECT_CONVERSION = YES_AGGRESSIVE;
				CLANG_CXX_LANGUAGE_STANDARD = "gnu++14";
				CLANG_CXX_LIBRARY = "libc++";
				CLANG_ENABLE_MODULES = YES;
				CLANG_ENABLE_OBJC_ARC = YES;
				CLANG_ENABLE_OBJC_WEAK = YES;
				CLANG_WARN_BLOCK_CAPTURE_AUTORELEASING = YES;
				CLANG_WARN_BOOL_CONVERSION = YES;
				CLANG_WARN_COMMA = YES;
				CLANG_WARN_CONSTANT_CONVERSION = YES;
				CLANG_WARN_DEPRECATED_OBJC_IMPLEMENTATIONS = YES;
				CLANG_WARN_DIRECT_OBJC_ISA_USAGE = YES_ERROR;
				CLANG_WARN_DOCUMENTATION_COMMENTS = YES;
				CLANG_WARN_EMPTY_BODY = YES;
				CLANG_WARN_ENUM_CONVERSION = YES;
				CLANG_WARN_INFINITE_RECURSION = YES;
				CLANG_WARN_INT_CONVERSION = YES;
				CLANG_WARN_NON_LITERAL_NULL_CONVERSION = YES;
				CLANG_WARN_OBJC_IMPLICIT_RETAIN_SELF = YES;
				CLANG_WARN_OBJC_LITERAL_CONVERSION = YES;
				CLANG_WARN_OBJC_ROOT_CLASS = YES_ERROR;
				CLANG_WARN_RANGE_LOOP_ANALYSIS = YES;
				CLANG_WARN_STRICT_PROTOTYPES = YES;
				CLANG_WARN_SUSPICIOUS_MOVE = YES;
				CLANG_WARN_UNGUARDED_AVAILABILITY = YES_AGGRESSIVE;
				CLANG_WARN_UNREACHABLE_CODE = YES;
				CLANG_WARN__DUPLICATE_METHOD_MATCH = YES;
				CODE_SIGN_IDENTITY = "iPhone Developer";
				COPY_PHASE_STRIP = NO;
				DEBUG_INFORMATION_FORMAT = dwarf;
				ENABLE_STRICT_OBJC_MSGSEND = YES;
				ENABLE_TESTABILITY = YES;
				GCC_C_LANGUAGE_STANDARD = gnu11;
				GCC_DYNAMIC_NO_PIC = NO;
				GCC_NO_COMMON_BLOCKS = YES;
				GCC_OPTIMIZATION_LEVEL = 0;
				GCC_PREPROCESSOR_DEFINITIONS = (
					"DEBUG=1",
					"$(inherited)",
				);
				GCC_WARN_64_TO_32_BIT_CONVERSION = YES;
				GCC_WARN_ABOUT_RETURN_TYPE = YES_ERROR;
				GCC_WARN_UNDECLARED_SELECTOR = YES;
				GCC_WARN_UNINITIALIZED_AUTOS = YES_AGGRESSIVE;
				GCC_WARN_UNUSED_FUNCTION = YES;
				GCC_WARN_UNUSED_VARIABLE = YES;
				IPHONEOS_DEPLOYMENT_TARGET = 11.4;
				MTL_ENABLE_DEBUG_INFO = YES;
				ONLY_ACTIVE_ARCH = YES;
				SDKROOT = iphoneos;
				SWIFT_ACTIVE_COMPILATION_CONDITIONS = DEBUG;
				SWIFT_OPTIMIZATION_LEVEL = "-Onone";
			};
			name = Debug;
		};
		00CD35C121270F3200B30186 /* Release */ = {
			isa = XCBuildConfiguration;
			buildSettings = {
				ALWAYS_SEARCH_USER_PATHS = NO;
				CLANG_ANALYZER_NONNULL = YES;
				CLANG_ANALYZER_NUMBER_OBJECT_CONVERSION = YES_AGGRESSIVE;
				CLANG_CXX_LANGUAGE_STANDARD = "gnu++14";
				CLANG_CXX_LIBRARY = "libc++";
				CLANG_ENABLE_MODULES = YES;
				CLANG_ENABLE_OBJC_ARC = YES;
				CLANG_ENABLE_OBJC_WEAK = YES;
				CLANG_WARN_BLOCK_CAPTURE_AUTORELEASING = YES;
				CLANG_WARN_BOOL_CONVERSION = YES;
				CLANG_WARN_COMMA = YES;
				CLANG_WARN_CONSTANT_CONVERSION = YES;
				CLANG_WARN_DEPRECATED_OBJC_IMPLEMENTATIONS = YES;
				CLANG_WARN_DIRECT_OBJC_ISA_USAGE = YES_ERROR;
				CLANG_WARN_DOCUMENTATION_COMMENTS = YES;
				CLANG_WARN_EMPTY_BODY = YES;
				CLANG_WARN_ENUM_CONVERSION = YES;
				CLANG_WARN_INFINITE_RECURSION = YES;
				CLANG_WARN_INT_CONVERSION = YES;
				CLANG_WARN_NON_LITERAL_NULL_CONVERSION = YES;
				CLANG_WARN_OBJC_IMPLICIT_RETAIN_SELF = YES;
				CLANG_WARN_OBJC_LITERAL_CONVERSION = YES;
				CLANG_WARN_OBJC_ROOT_CLASS = YES_ERROR;
				CLANG_WARN_RANGE_LOOP_ANALYSIS = YES;
				CLANG_WARN_STRICT_PROTOTYPES = YES;
				CLANG_WARN_SUSPICIOUS_MOVE = YES;
				CLANG_WARN_UNGUARDED_AVAILABILITY = YES_AGGRESSIVE;
				CLANG_WARN_UNREACHABLE_CODE = YES;
				CLANG_WARN__DUPLICATE_METHOD_MATCH = YES;
				CODE_SIGN_IDENTITY = "iPhone Developer";
				COPY_PHASE_STRIP = NO;
				DEBUG_INFORMATION_FORMAT = "dwarf-with-dsym";
				ENABLE_NS_ASSERTIONS = NO;
				ENABLE_STRICT_OBJC_MSGSEND = YES;
				GCC_C_LANGUAGE_STANDARD = gnu11;
				GCC_NO_COMMON_BLOCKS = YES;
				GCC_WARN_64_TO_32_BIT_CONVERSION = YES;
				GCC_WARN_ABOUT_RETURN_TYPE = YES_ERROR;
				GCC_WARN_UNDECLARED_SELECTOR = YES;
				GCC_WARN_UNINITIALIZED_AUTOS = YES_AGGRESSIVE;
				GCC_WARN_UNUSED_FUNCTION = YES;
				GCC_WARN_UNUSED_VARIABLE = YES;
				IPHONEOS_DEPLOYMENT_TARGET = 11.4;
				MTL_ENABLE_DEBUG_INFO = NO;
				SDKROOT = iphoneos;
				SWIFT_COMPILATION_MODE = wholemodule;
				SWIFT_OPTIMIZATION_LEVEL = "-O";
				VALIDATE_PRODUCT = YES;
			};
			name = Release;
		};
		00CD35C321270F3200B30186 /* Debug */ = {
			isa = XCBuildConfiguration;
			buildSettings = {
				ASSETCATALOG_COMPILER_APPICON_NAME = AppIcon;
				CODE_SIGN_STYLE = Automatic;
				DEVELOPMENT_TEAM = 5KP9CQZ2U4;
				INFOPLIST_FILE = TestFloatWindow0817/Info.plist;
				LD_RUNPATH_SEARCH_PATHS = (
					"$(inherited)",
					"@executable_path/Frameworks",
				);
				PRODUCT_BUNDLE_IDENTIFIER = work.zhouyuan.TestFloatWindow0817;
				PRODUCT_NAME = "$(TARGET_NAME)";
				SWIFT_VERSION = 4.0;
				TARGETED_DEVICE_FAMILY = "1,2";
			};
			name = Debug;
		};
		00CD35C421270F3200B30186 /* Release */ = {
			isa = XCBuildConfiguration;
			buildSettings = {
				ASSETCATALOG_COMPILER_APPICON_NAME = AppIcon;
				CODE_SIGN_STYLE = Automatic;
				DEVELOPMENT_TEAM = 5KP9CQZ2U4;
				INFOPLIST_FILE = TestFloatWindow0817/Info.plist;
				LD_RUNPATH_SEARCH_PATHS = (
					"$(inherited)",
					"@executable_path/Frameworks",
				);
				PRODUCT_BUNDLE_IDENTIFIER = work.zhouyuan.TestFloatWindow0817;
				PRODUCT_NAME = "$(TARGET_NAME)";
				SWIFT_VERSION = 4.0;
				TARGETED_DEVICE_FAMILY = "1,2";
			};
			name = Release;
		};
/* End XCBuildConfiguration section */

/* Begin XCConfigurationList section */
		00CD35AB21270F3000B30186 /* Build configuration list for PBXProject "TestFloatWindow0817" */ = {
			isa = XCConfigurationList;
			buildConfigurations = (
				00CD35C021270F3200B30186 /* Debug */,
				00CD35C121270F3200B30186 /* Release */,
			);
			defaultConfigurationIsVisible = 0;
			defaultConfigurationName = Release;
		};
		00CD35C221270F3200B30186 /* Build configuration list for PBXNativeTarget "TestFloatWindow0817" */ = {
			isa = XCConfigurationList;
			buildConfigurations = (
				00CD35C321270F3200B30186 /* Debug */,
				00CD35C421270F3200B30186 /* Release */,
			);
			defaultConfigurationIsVisible = 0;
			defaultConfigurationName = Release;
		};
/* End XCConfigurationList section */
	};
	rootObject = 00CD35A821270F3000B30186 /* Project object */;
}
